# This file is autogenerated, do not edit; changes may be undone by the next 'dep ensure'.


[[projects]]
  digest = "1:9f3b30d9f8e0d7040f729b82dcbc8f0dead820a133b3147ce355fc451f32d761"
  name = "github.com/BurntSushi/toml"
  packages = ["."]
  pruneopts = "UT"
  revision = "3012a1dbe2e4bd1391d42b32f0577cb7bbc7f005"
  version = "v0.3.1"

[[projects]]
  digest = "1:fa9eb51333c5ef9fcb28c199331c61b94618f1315dd925890fa15f70be0b187e"
  name = "github.com/akrylysov/algnhsa"
  packages = ["."]
  pruneopts = "UT"
  revision = "1b2519a6df09142a48adb4377b70c1814925c0d2"
  version = "v0.5"

[[projects]]
  digest = "1:f39fff1c04503565e175cb045fd0c1b917abccdae0be8900388363b2a5e0a10b"
  name = "github.com/aws/aws-lambda-go"
  packages = [
    "events",
    "lambda",
    "lambda/handlertrace",
    "lambda/messages",
    "lambdacontext",
  ]
  pruneopts = "UT"
  revision = "c83699c938a36c6d111f9837be9295184efeeb2e"
  version = "v1.9.0"

[[projects]]
  digest = "1:ccd4e1bc84b307e13a05a7725a3fe9ce71637db6721f27d9b8676433a1653c36"
  name = "github.com/getkin/kin-openapi"
  packages = [
    "jsoninfo",
    "openapi3",
    "openapi3filter",
    "pathpattern",
  ]
  pruneopts = "UT"
  revision = "b743c9cc2841b94d9db3d4628abd6ee0b684d1f4"

[[projects]]
  digest = "1:2cd7915ab26ede7d95b8749e6b1f933f1c6d5398030684e6505940a10f31cfda"
  name = "github.com/ghodss/yaml"
  packages = ["."]
  pruneopts = "UT"
  revision = "0ca9ea5df5451ffdf184b4428c902747c2c11cd7"
  version = "v1.0.0"

[[projects]]
  branch = "jivan"
  digest = "1:836e442ee74a716b66b9b1f4849325d4fd518e9ab856f50451489967f9692279"
  name = "github.com/go-spatial/geom"
  packages = [
    ".",
    "encoding",
    "encoding/geojson",
    "encoding/wkb",
    "encoding/wkb/internal/consts",
    "encoding/wkb/internal/decode",
    "encoding/wkb/internal/encode",
    "slippy",
  ]
  pruneopts = "UT"
  revision = "400d050c18b5b942f53f093eabe2ce6d49fdb034"
  source = "github.com/ingenieroariel/geom"

[[projects]]
  branch = "jivan"
  digest = "1:488891866c1bd9f2d4761299d18afbcd023c92ed91a35bf17e715dabd0c1ee4f"
  name = "github.com/go-spatial/tegola"
  packages = [
    ".",
    "basic",
    "dict",
    "internal/log",
    "maths",
    "maths/webmercator",
    "provider",
    "provider/gpkg",
    "provider/postgis",
  ]
  pruneopts = "UT"
  revision = "e8feb990efc2af3af5c793f2b443f2f7d65bdfa7"
  source = "github.com/ingenieroariel/tegola"

[[projects]]
  digest = "1:6a5edb6e9ad91f22d33e01739bbabea324fed674c40bc4f7d60adb48235e8b48"
  name = "github.com/jackc/pgx"
  packages = [
    ".",
    "chunkreader",
    "internal/sanitize",
    "pgio",
    "pgproto3",
    "pgtype",
  ]
  pruneopts = "UT"
  revision = "c59c9cac59ab95eceb0c12ff338923c62f411ea2"
  version = "v3.3.0"

[[projects]]
  branch = "master"
  digest = "1:382c217b79183394daf575d58bb5cb4a4626a92a278e1ed65c78a4a45e0f4bf6"
  name = "github.com/julienschmidt/httprouter"
  packages = ["."]
  pruneopts = "UT"
  revision = "26a05976f9bf5c3aa992cc20e8588c359418ee58"

[[projects]]
  digest = "1:4a49346ca45376a2bba679ca0e83bec949d780d4e927931317904bad482943ec"
  name = "github.com/mattn/go-sqlite3"
  packages = ["."]
  pruneopts = "UT"
  revision = "c7c4067b79cc51e6dfdcef5c702e74b1e0fa7c75"
  version = "v1.10.0"

[[projects]]
  digest = "1:cf31692c14422fa27c83a05292eb5cbe0fb2775972e8f1f8446a71549bd8980b"
  name = "github.com/pkg/errors"
  packages = ["."]
  pruneopts = "UT"
  revision = "ba968bfe8b2f7e042a574c888954fccecfa385b4"
  version = "v0.8.1"

[[projects]]
  digest = "1:b0c25f00bad20d783d259af2af8666969e2fc343fa0dc9efe52936bbd67fb758"
  name = "github.com/rs/cors"
  packages = ["."]
  pruneopts = "UT"
  revision = "9a47f48565a795472d43519dd49aac781f3034fb"
  version = "v1.6.0"

[[projects]]
  branch = "master"
  digest = "1:f4e5276a3b356f4692107047fd2890f2fe534f4feeb6b1fd2f6dfbd87f1ccf54"
  name = "github.com/xeipuuv/gojsonpointer"
  packages = ["."]
  pruneopts = "UT"
  revision = "4e3ac2762d5f479393488629ee9370b50873b3a6"

[[projects]]
  branch = "master"
  digest = "1:dc6a6c28ca45d38cfce9f7cb61681ee38c5b99ec1425339bfc1e1a7ba769c807"
  name = "github.com/xeipuuv/gojsonreference"
  packages = ["."]
  pruneopts = "UT"
  revision = "bd5ef7bd5415a7ac448318e64f11a24cd21e594b"

[[projects]]
  branch = "master"
  digest = "1:1c898ea6c30c16e8d55fdb6fe44c4bee5f9b7d68aa260cfdfc3024491dcc7bea"
  name = "github.com/xeipuuv/gojsonschema"
  packages = ["."]
  pruneopts = "UT"
  revision = "f971f3cd73b2899de6923801c147f075263e0c50"

[[projects]]
  digest = "1:4d2e5a73dc1500038e504a8d78b986630e3626dc027bc030ba5c75da257cdb96"
  name = "gopkg.in/yaml.v2"
  packages = ["."]
  pruneopts = "UT"
  revision = "51d6538a90f86fe93ac480b35f37b2be17fef232"
  version = "v2.2.2"

[solve-meta]
  analyzer-name = "dep"
  analyzer-version = 1
  input-imports = [
    "github.com/BurntSushi/toml",
    "github.com/akrylysov/algnhsa",
    "github.com/getkin/kin-openapi/openapi3",
    "github.com/getkin/kin-openapi/openapi3filter",
    "github.com/go-spatial/geom",
    "github.com/go-spatial/geom/encoding/geojson",
    "github.com/go-spatial/tegola/dict",
    "github.com/go-spatial/tegola/provider",
    "github.com/go-spatial/tegola/provider/gpkg",
    "github.com/go-spatial/tegola/provider/postgis",
    "github.com/julienschmidt/httprouter",
    "github.com/rs/cors",
    "github.com/xeipuuv/gojsonschema",
  ]
  solver-name = "gps-cdcl"
  solver-version = 1
